
Microsoft Visual Studio Solution File, Format Version 12.00
# Visual Studio Version 17
VisualStudioVersion = 17.8.34330.188
MinimumVisualStudioVersion = 10.0.40219.1
Project("{2150E333-8FDC-42A3-9474-1A3956D46DE8}") = "Services", "Services", "{E002D5B2-BCD1-4574-B048-ADB210BCF967}"
EndProject
Project("{2150E333-8FDC-42A3-9474-1A3956D46DE8}") = "Catalog", "Catalog", "{C461C126-A75E-47EB-BB91-855968234BC8}"
EndProject
Project("{9A19103F-16F7-4668-BE54-9A1E7A4F7556}") = "Catalog.Api", "Services\Catalog\Catalog.Api\Catalog.Api.csproj", "{6B1B9D4F-D0C1-4283-8F6B-CE7A832F4C3F}"
EndProject
Project("{E53339B2-1760-4266-BCC7-CA923CBCF16C}") = "docker-compose", "docker-compose.dcproj", "{B05546CC-D688-48B2-89D1-5B4A833F3AA2}"
EndProject
Project("{2150E333-8FDC-42A3-9474-1A3956D46DE8}") = "Basket", "Basket", "{269C8C38-1C70-466F-BEE2-02737D0F5BCA}"
EndProject
Project("{9A19103F-16F7-4668-BE54-9A1E7A4F7556}") = "Basket.Api", "Services\Basket\Basket.Api\Basket.Api.csproj", "{99B9B84E-A5DF-4283-BA4B-E9F89136D18A}"
EndProject
Project("{2150E333-8FDC-42A3-9474-1A3956D46DE8}") = "Discount", "Discount", "{E5EBAAB7-373D-4FD0-86A6-421CD8EFDFA7}"
EndProject
Project("{9A19103F-16F7-4668-BE54-9A1E7A4F7556}") = "Discount.api", "Services\Discount\Discount.api\Discount.api.csproj", "{2DDF618D-5642-4F7E-B100-8614AD7342DE}"
EndProject
Project("{9A19103F-16F7-4668-BE54-9A1E7A4F7556}") = "DiscountGrpc", "Services\Discount\DiscountGrpc\DiscountGrpc.csproj", "{9CD05CE9-511E-4072-979A-20F1E004AD2C}"
EndProject
Project("{2150E333-8FDC-42A3-9474-1A3956D46DE8}") = "Ordering", "Ordering", "{CF7420BD-7B24-4F26-A761-A1FEABF89F79}"
EndProject
Project("{9A19103F-16F7-4668-BE54-9A1E7A4F7556}") = "Ordering.Api", "Services\Ordering\Ordering.Api\Ordering.Api.csproj", "{4AA2D355-FD91-4B98-AE49-C2B2D8FACA89}"
EndProject
Project("{9A19103F-16F7-4668-BE54-9A1E7A4F7556}") = "Ordering.Domain", "Services\Ordering\Ordering.Domain\Ordering.Domain.csproj", "{554F35FB-C493-4968-AB6C-015A416CA396}"
EndProject
Project("{9A19103F-16F7-4668-BE54-9A1E7A4F7556}") = "Ordering.Application", "Services\Ordering\Ordering.Application\Ordering.Application.csproj", "{1C02C4CB-7DBF-4075-B96D-01941ECEAD4B}"
EndProject
Project("{9A19103F-16F7-4668-BE54-9A1E7A4F7556}") = "Ordering.Infrastructure", "Services\Ordering\Ordering.Infrastructure\Ordering.Infrastructure.csproj", "{3F5045DF-533E-4A61-8A24-D78CFD3676D7}"
EndProject
Project("{2150E333-8FDC-42A3-9474-1A3956D46DE8}") = "BuildingBlocks", "BuildingBlocks", "{A4A6FC41-E89F-41AB-A8D9-E2897624E55A}"
EndProject
Project("{9A19103F-16F7-4668-BE54-9A1E7A4F7556}") = "EventBus.Messages", "BuildingBlocks\EventBus.Messages\EventBus.Messages.csproj", "{2FF0C376-4562-4E36-A002-F9D8B0A7A04F}"
EndProject
Project("{2150E333-8FDC-42A3-9474-1A3956D46DE8}") = "ApiGateways", "ApiGateways", "{AF5BE6EC-DCC4-4639-8CF2-10347DC9859D}"
EndProject
Project("{9A19103F-16F7-4668-BE54-9A1E7A4F7556}") = "OcelotApiGateways", "ApiGateways\OcelotApiGateways\OcelotApiGateways.csproj", "{956A45CC-305F-4FCB-BABA-B555C12BF707}"
EndProject
Project("{FAE04EC0-301F-11D3-BF4B-00C04F79EFBC}") = "Shopping.Aggregator", "ApiGateways\Shopping.Aggregator\Shopping.Aggregator.csproj", "{64F47237-0E13-4196-B03D-3364CBC2087F}"
EndProject
Global
	GlobalSection(SolutionConfigurationPlatforms) = preSolution
		Debug|Any CPU = Debug|Any CPU
		Release|Any CPU = Release|Any CPU
	EndGlobalSection
	GlobalSection(ProjectConfigurationPlatforms) = postSolution
		{6B1B9D4F-D0C1-4283-8F6B-CE7A832F4C3F}.Debug|Any CPU.ActiveCfg = Debug|Any CPU
		{6B1B9D4F-D0C1-4283-8F6B-CE7A832F4C3F}.Debug|Any CPU.Build.0 = Debug|Any CPU
		{6B1B9D4F-D0C1-4283-8F6B-CE7A832F4C3F}.Release|Any CPU.ActiveCfg = Release|Any CPU
		{6B1B9D4F-D0C1-4283-8F6B-CE7A832F4C3F}.Release|Any CPU.Build.0 = Release|Any CPU
		{B05546CC-D688-48B2-89D1-5B4A833F3AA2}.Debug|Any CPU.ActiveCfg = Debug|Any CPU
		{B05546CC-D688-48B2-89D1-5B4A833F3AA2}.Debug|Any CPU.Build.0 = Debug|Any CPU
		{B05546CC-D688-48B2-89D1-5B4A833F3AA2}.Release|Any CPU.ActiveCfg = Release|Any CPU
		{B05546CC-D688-48B2-89D1-5B4A833F3AA2}.Release|Any CPU.Build.0 = Release|Any CPU
		{99B9B84E-A5DF-4283-BA4B-E9F89136D18A}.Debug|Any CPU.ActiveCfg = Debug|Any CPU
		{99B9B84E-A5DF-4283-BA4B-E9F89136D18A}.Debug|Any CPU.Build.0 = Debug|Any CPU
		{99B9B84E-A5DF-4283-BA4B-E9F89136D18A}.Release|Any CPU.ActiveCfg = Release|Any CPU
		{99B9B84E-A5DF-4283-BA4B-E9F89136D18A}.Release|Any CPU.Build.0 = Release|Any CPU
		{2DDF618D-5642-4F7E-B100-8614AD7342DE}.Debug|Any CPU.ActiveCfg = Debug|Any CPU
		{2DDF618D-5642-4F7E-B100-8614AD7342DE}.Debug|Any CPU.Build.0 = Debug|Any CPU
		{2DDF618D-5642-4F7E-B100-8614AD7342DE}.Release|Any CPU.ActiveCfg = Release|Any CPU
		{2DDF618D-5642-4F7E-B100-8614AD7342DE}.Release|Any CPU.Build.0 = Release|Any CPU
		{9CD05CE9-511E-4072-979A-20F1E004AD2C}.Debug|Any CPU.ActiveCfg = Debug|Any CPU
		{9CD05CE9-511E-4072-979A-20F1E004AD2C}.Debug|Any CPU.Build.0 = Debug|Any CPU
		{9CD05CE9-511E-4072-979A-20F1E004AD2C}.Release|Any CPU.ActiveCfg = Release|Any CPU
		{9CD05CE9-511E-4072-979A-20F1E004AD2C}.Release|Any CPU.Build.0 = Release|Any CPU
		{4AA2D355-FD91-4B98-AE49-C2B2D8FACA89}.Debug|Any CPU.ActiveCfg = Debug|Any CPU
		{4AA2D355-FD91-4B98-AE49-C2B2D8FACA89}.Debug|Any CPU.Build.0 = Debug|Any CPU
		{4AA2D355-FD91-4B98-AE49-C2B2D8FACA89}.Release|Any CPU.ActiveCfg = Release|Any CPU
		{4AA2D355-FD91-4B98-AE49-C2B2D8FACA89}.Release|Any CPU.Build.0 = Release|Any CPU
		{554F35FB-C493-4968-AB6C-015A416CA396}.Debug|Any CPU.ActiveCfg = Debug|Any CPU
		{554F35FB-C493-4968-AB6C-015A416CA396}.Debug|Any CPU.Build.0 = Debug|Any CPU
		{554F35FB-C493-4968-AB6C-015A416CA396}.Release|Any CPU.ActiveCfg = Release|Any CPU
		{554F35FB-C493-4968-AB6C-015A416CA396}.Release|Any CPU.Build.0 = Release|Any CPU
		{1C02C4CB-7DBF-4075-B96D-01941ECEAD4B}.Debug|Any CPU.ActiveCfg = Debug|Any CPU
		{1C02C4CB-7DBF-4075-B96D-01941ECEAD4B}.Debug|Any CPU.Build.0 = Debug|Any CPU
		{1C02C4CB-7DBF-4075-B96D-01941ECEAD4B}.Release|Any CPU.ActiveCfg = Release|Any CPU
		{1C02C4CB-7DBF-4075-B96D-01941ECEAD4B}.Release|Any CPU.Build.0 = Release|Any CPU
		{3F5045DF-533E-4A61-8A24-D78CFD3676D7}.Debug|Any CPU.ActiveCfg = Debug|Any CPU
		{3F5045DF-533E-4A61-8A24-D78CFD3676D7}.Debug|Any CPU.Build.0 = Debug|Any CPU
		{3F5045DF-533E-4A61-8A24-D78CFD3676D7}.Release|Any CPU.ActiveCfg = Release|Any CPU
		{3F5045DF-533E-4A61-8A24-D78CFD3676D7}.Release|Any CPU.Build.0 = Release|Any CPU
		{2FF0C376-4562-4E36-A002-F9D8B0A7A04F}.Debug|Any CPU.ActiveCfg = Debug|Any CPU
		{2FF0C376-4562-4E36-A002-F9D8B0A7A04F}.Debug|Any CPU.Build.0 = Debug|Any CPU
		{2FF0C376-4562-4E36-A002-F9D8B0A7A04F}.Release|Any CPU.ActiveCfg = Release|Any CPU
		{2FF0C376-4562-4E36-A002-F9D8B0A7A04F}.Release|Any CPU.Build.0 = Release|Any CPU
		{956A45CC-305F-4FCB-BABA-B555C12BF707}.Debug|Any CPU.ActiveCfg = Debug|Any CPU
		{956A45CC-305F-4FCB-BABA-B555C12BF707}.Debug|Any CPU.Build.0 = Debug|Any CPU
		{956A45CC-305F-4FCB-BABA-B555C12BF707}.Release|Any CPU.ActiveCfg = Release|Any CPU
		{956A45CC-305F-4FCB-BABA-B555C12BF707}.Release|Any CPU.Build.0 = Release|Any CPU
		{64F47237-0E13-4196-B03D-3364CBC2087F}.Debug|Any CPU.ActiveCfg = Debug|Any CPU
		{64F47237-0E13-4196-B03D-3364CBC2087F}.Debug|Any CPU.Build.0 = Debug|Any CPU
		{64F47237-0E13-4196-B03D-3364CBC2087F}.Release|Any CPU.ActiveCfg = Release|Any CPU
		{64F47237-0E13-4196-B03D-3364CBC2087F}.Release|Any CPU.Build.0 = Release|Any CPU
	EndGlobalSection
	GlobalSection(SolutionProperties) = preSolution
		HideSolutionNode = FALSE
	EndGlobalSection
	GlobalSection(NestedProjects) = preSolution
		{C461C126-A75E-47EB-BB91-855968234BC8} = {E002D5B2-BCD1-4574-B048-ADB210BCF967}
		{6B1B9D4F-D0C1-4283-8F6B-CE7A832F4C3F} = {C461C126-A75E-47EB-BB91-855968234BC8}
		{269C8C38-1C70-466F-BEE2-02737D0F5BCA} = {E002D5B2-BCD1-4574-B048-ADB210BCF967}
		{99B9B84E-A5DF-4283-BA4B-E9F89136D18A} = {269C8C38-1C70-466F-BEE2-02737D0F5BCA}
		{E5EBAAB7-373D-4FD0-86A6-421CD8EFDFA7} = {E002D5B2-BCD1-4574-B048-ADB210BCF967}
		{2DDF618D-5642-4F7E-B100-8614AD7342DE} = {E5EBAAB7-373D-4FD0-86A6-421CD8EFDFA7}
		{9CD05CE9-511E-4072-979A-20F1E004AD2C} = {E5EBAAB7-373D-4FD0-86A6-421CD8EFDFA7}
		{CF7420BD-7B24-4F26-A761-A1FEABF89F79} = {E002D5B2-BCD1-4574-B048-ADB210BCF967}
		{4AA2D355-FD91-4B98-AE49-C2B2D8FACA89} = {CF7420BD-7B24-4F26-A761-A1FEABF89F79}
		{554F35FB-C493-4968-AB6C-015A416CA396} = {CF7420BD-7B24-4F26-A761-A1FEABF89F79}
		{1C02C4CB-7DBF-4075-B96D-01941ECEAD4B} = {CF7420BD-7B24-4F26-A761-A1FEABF89F79}
		{3F5045DF-533E-4A61-8A24-D78CFD3676D7} = {CF7420BD-7B24-4F26-A761-A1FEABF89F79}
		{2FF0C376-4562-4E36-A002-F9D8B0A7A04F} = {A4A6FC41-E89F-41AB-A8D9-E2897624E55A}
		{956A45CC-305F-4FCB-BABA-B555C12BF707} = {AF5BE6EC-DCC4-4639-8CF2-10347DC9859D}
		{64F47237-0E13-4196-B03D-3364CBC2087F} = {AF5BE6EC-DCC4-4639-8CF2-10347DC9859D}
	EndGlobalSection
	GlobalSection(ExtensibilityGlobals) = postSolution
		SolutionGuid = {435A6C77-6822-4D3C-9EA0-FC74983F1095}
	EndGlobalSection
EndGlobal
